
Microsoft Visual Studio Solution File, Format Version 12.00
# Visual Studio Version 16
VisualStudioVersion = 16.0.29613.14
MinimumVisualStudioVersion = 10.0.40219.1
Project("{FAE04EC0-301F-11D3-BF4B-00C04F79EFBC}") = "Emart.BuyerService", "Emart.BuyerService\Emart.BuyerService.csproj", "{F2DCAAAA-BC86-4C43-AC4C-E6FBDE8B29E7}"
EndProject
Project("{FAE04EC0-301F-11D3-BF4B-00C04F79EFBC}") = "Emart.SellerService", "Emart.SellerService\Emart.SellerService.csproj", "{0D95B3B7-29BD-4991-929F-12BF5F330DDA}"
EndProject
Project("{FAE04EC0-301F-11D3-BF4B-00C04F79EFBC}") = "Emart.AdminService", "Emart.AdminService\Emart.AdminService.csproj", "{E8376513-6576-49ED-AD60-628080126F88}"
EndProject
Project("{FAE04EC0-301F-11D3-BF4B-00C04F79EFBC}") = "Emart.GateWay", "Emart.GateWay\Emart.GateWay.csproj", "{0AA43E73-23A8-4A32-A6CF-36A9C1262FC5}"
EndProject
Project("{FAE04EC0-301F-11D3-BF4B-00C04F79EFBC}") = "Emart.AccountService", "Emart.AccountService\Emart.AccountService.csproj", "{C5A25036-2F96-4417-A51B-32CE7ECC1821}"
EndProject
Global
	GlobalSection(SolutionConfigurationPlatforms) = preSolution
		Debug|Any CPU = Debug|Any CPU
		Release|Any CPU = Release|Any CPU
	EndGlobalSection
	GlobalSection(ProjectConfigurationPlatforms) = postSolution
		{F2DCAAAA-BC86-4C43-AC4C-E6FBDE8B29E7}.Debug|Any CPU.ActiveCfg = Debug|Any CPU
		{F2DCAAAA-BC86-4C43-AC4C-E6FBDE8B29E7}.Debug|Any CPU.Build.0 = Debug|Any CPU
		{F2DCAAAA-BC86-4C43-AC4C-E6FBDE8B29E7}.Release|Any CPU.ActiveCfg = Release|Any CPU
		{F2DCAAAA-BC86-4C43-AC4C-E6FBDE8B29E7}.Release|Any CPU.Build.0 = Release|Any CPU
		{0D95B3B7-29BD-4991-929F-12BF5F330DDA}.Debug|Any CPU.ActiveCfg = Debug|Any CPU
		{0D95B3B7-29BD-4991-929F-12BF5F330DDA}.Debug|Any CPU.Build.0 = Debug|Any CPU
		{0D95B3B7-29BD-4991-929F-12BF5F330DDA}.Release|Any CPU.ActiveCfg = Release|Any CPU
		{0D95B3B7-29BD-4991-929F-12BF5F330DDA}.Release|Any CPU.Build.0 = Release|Any CPU
		{E8376513-6576-49ED-AD60-628080126F88}.Debug|Any CPU.ActiveCfg = Debug|Any CPU
		{E8376513-6576-49ED-AD60-628080126F88}.Debug|Any CPU.Build.0 = Debug|Any CPU
		{E8376513-6576-49ED-AD60-628080126F88}.Release|Any CPU.ActiveCfg = Release|Any CPU
		{E8376513-6576-49ED-AD60-628080126F88}.Release|Any CPU.Build.0 = Release|Any CPU
		{0AA43E73-23A8-4A32-A6CF-36A9C1262FC5}.Debug|Any CPU.ActiveCfg = Debug|Any CPU
		{0AA43E73-23A8-4A32-A6CF-36A9C1262FC5}.Debug|Any CPU.Build.0 = Debug|Any CPU
		{0AA43E73-23A8-4A32-A6CF-36A9C1262FC5}.Release|Any CPU.ActiveCfg = Release|Any CPU
		{0AA43E73-23A8-4A32-A6CF-36A9C1262FC5}.Release|Any CPU.Build.0 = Release|Any CPU
		{C5A25036-2F96-4417-A51B-32CE7ECC1821}.Debug|Any CPU.ActiveCfg = Debug|Any CPU
		{C5A25036-2F96-4417-A51B-32CE7ECC1821}.Debug|Any CPU.Build.0 = Debug|Any CPU
		{C5A25036-2F96-4417-A51B-32CE7ECC1821}.Release|Any CPU.ActiveCfg = Release|Any CPU
		{C5A25036-2F96-4417-A51B-32CE7ECC1821}.Release|Any CPU.Build.0 = Release|Any CPU
	EndGlobalSection
	GlobalSection(SolutionProperties) = preSolution
		HideSolutionNode = FALSE
	EndGlobalSection
	GlobalSection(ExtensibilityGlobals) = postSolution
		SolutionGuid = {9350215F-653C-41F8-BE27-A00FC68B9FA6}
	EndGlobalSection
EndGlobal
